
Microsoft Visual Studio Solution File, Format Version 12.00
# Visual Studio Version 16
VisualStudioVersion = 16.0.30503.244
MinimumVisualStudioVersion = 10.0.40219.1
Project("{6EC3EE1D-3C4E-46DD-8F32-0CC8E7565705}") = "PureFsFormEngine", "PureFsFormEngine\PureFsFormEngine.fsproj", "{50CECF82-C8A7-4584-A2FF-B16250F897A8}"
EndProject
Project("{9A19103F-16F7-4668-BE54-9A1E7A4F7556}") = "FormCs", "FormCs\FormCs.csproj", "{E3C6C8D4-E566-454B-889B-1E0B9F10D1B2}"
EndProject
Project("{6EC3EE1D-3C4E-46DD-8F32-0CC8E7565705}") = "GameBaseLib", "GameBaseLib\GameBaseLib.fsproj", "{F7CD17FA-8ADF-41C5-9C96-FBAE813311D7}"
EndProject
Project("{9A19103F-16F7-4668-BE54-9A1E7A4F7556}") = "MikuMikuFlex3", "MikuMikuFlex\MikuMikuFlex3\MikuMikuFlex3.csproj", "{7634503B-AEED-4FCF-81A0-E614105363BE}"
EndProject
Project("{9A19103F-16F7-4668-BE54-9A1E7A4F7556}") = "TgaLib", "MikuMikuFlex\TgaLib\TgaLib\TgaLib.csproj", "{03A6BAB0-3586-46F9-9CB6-430DC80FB49A}"
EndProject
Project("{6EC3EE1D-3C4E-46DD-8F32-0CC8E7565705}") = "FSharpRenderEngine", "MikuMikuFlex\FSharpRenderEngine\FSharpRenderEngine.fsproj", "{29510F4A-0616-4A6F-B959-84F48465B0BA}"
EndProject
Global
	GlobalSection(SolutionConfigurationPlatforms) = preSolution
		Debug|Any CPU = Debug|Any CPU
		Release|Any CPU = Release|Any CPU
	EndGlobalSection
	GlobalSection(ProjectConfigurationPlatforms) = postSolution
		{50CECF82-C8A7-4584-A2FF-B16250F897A8}.Debug|Any CPU.ActiveCfg = Debug|Any CPU
		{50CECF82-C8A7-4584-A2FF-B16250F897A8}.Debug|Any CPU.Build.0 = Debug|Any CPU
		{50CECF82-C8A7-4584-A2FF-B16250F897A8}.Release|Any CPU.ActiveCfg = Release|Any CPU
		{50CECF82-C8A7-4584-A2FF-B16250F897A8}.Release|Any CPU.Build.0 = Release|Any CPU
		{E3C6C8D4-E566-454B-889B-1E0B9F10D1B2}.Debug|Any CPU.ActiveCfg = Debug|Any CPU
		{E3C6C8D4-E566-454B-889B-1E0B9F10D1B2}.Debug|Any CPU.Build.0 = Debug|Any CPU
		{E3C6C8D4-E566-454B-889B-1E0B9F10D1B2}.Release|Any CPU.ActiveCfg = Release|Any CPU
		{E3C6C8D4-E566-454B-889B-1E0B9F10D1B2}.Release|Any CPU.Build.0 = Release|Any CPU
		{F7CD17FA-8ADF-41C5-9C96-FBAE813311D7}.Debug|Any CPU.ActiveCfg = Debug|Any CPU
		{F7CD17FA-8ADF-41C5-9C96-FBAE813311D7}.Debug|Any CPU.Build.0 = Debug|Any CPU
		{F7CD17FA-8ADF-41C5-9C96-FBAE813311D7}.Release|Any CPU.ActiveCfg = Release|Any CPU
		{F7CD17FA-8ADF-41C5-9C96-FBAE813311D7}.Release|Any CPU.Build.0 = Release|Any CPU
		{7634503B-AEED-4FCF-81A0-E614105363BE}.Debug|Any CPU.ActiveCfg = Debug|Any CPU
		{7634503B-AEED-4FCF-81A0-E614105363BE}.Debug|Any CPU.Build.0 = Debug|Any CPU
		{7634503B-AEED-4FCF-81A0-E614105363BE}.Release|Any CPU.ActiveCfg = Release|Any CPU
		{7634503B-AEED-4FCF-81A0-E614105363BE}.Release|Any CPU.Build.0 = Release|Any CPU
		{03A6BAB0-3586-46F9-9CB6-430DC80FB49A}.Debug|Any CPU.ActiveCfg = Debug|Any CPU
		{03A6BAB0-3586-46F9-9CB6-430DC80FB49A}.Debug|Any CPU.Build.0 = Debug|Any CPU
		{03A6BAB0-3586-46F9-9CB6-430DC80FB49A}.Release|Any CPU.ActiveCfg = Release|Any CPU
		{03A6BAB0-3586-46F9-9CB6-430DC80FB49A}.Release|Any CPU.Build.0 = Release|Any CPU
		{29510F4A-0616-4A6F-B959-84F48465B0BA}.Debug|Any CPU.ActiveCfg = Debug|Any CPU
		{29510F4A-0616-4A6F-B959-84F48465B0BA}.Debug|Any CPU.Build.0 = Debug|Any CPU
		{29510F4A-0616-4A6F-B959-84F48465B0BA}.Release|Any CPU.ActiveCfg = Release|Any CPU
		{29510F4A-0616-4A6F-B959-84F48465B0BA}.Release|Any CPU.Build.0 = Release|Any CPU
	EndGlobalSection
	GlobalSection(SolutionProperties) = preSolution
		HideSolutionNode = FALSE
	EndGlobalSection
	GlobalSection(ExtensibilityGlobals) = postSolution
		SolutionGuid = {F119111B-47B9-41F1-8CFD-F9977D679FB8}
	EndGlobalSection
EndGlobal
